
Microsoft Visual Studio Solution File, Format Version 12.00
# Visual Studio 15
Project("{FAE04EC0-301F-11D3-BF4B-00C04F79EFBC}") = "Assembly-CSharp", "Assembly-CSharp.csproj", "{F893E7E1-46D7-33EE-5FE5-8019E4249A91}"
EndProject
Project("{FAE04EC0-301F-11D3-BF4B-00C04F79EFBC}") = "Assembly-CSharp-firstpass", "Assembly-CSharp-firstpass.csproj", "{0F3A1F1E-8A93-E0AB-074F-8B3A73E40696}"
EndProject
Project("{FAE04EC0-301F-11D3-BF4B-00C04F79EFBC}") = "Assembly-CSharp-Editor", "Assembly-CSharp-Editor.csproj", "{A3E21050-E9DD-C0D6-88EE-E12F7C95DC87}"
EndProject
Project("{FAE04EC0-301F-11D3-BF4B-00C04F79EFBC}") = "Assembly-CSharp-Editor-firstpass", "Assembly-CSharp-Editor-firstpass.csproj", "{8E687ED1-A496-DD0C-1401-206749CCD48A}"
EndProject
Global
	GlobalSection(SolutionConfigurationPlatforms) = preSolution
		Debug|Any CPU = Debug|Any CPU
		Release|Any CPU = Release|Any CPU
	EndGlobalSection
	GlobalSection(ProjectConfigurationPlatforms) = postSolution
		{F893E7E1-46D7-33EE-5FE5-8019E4249A91}.Debug|Any CPU.ActiveCfg = Debug|Any CPU
		{F893E7E1-46D7-33EE-5FE5-8019E4249A91}.Debug|Any CPU.Build.0 = Debug|Any CPU
		{F893E7E1-46D7-33EE-5FE5-8019E4249A91}.Release|Any CPU.ActiveCfg = Release|Any CPU
		{F893E7E1-46D7-33EE-5FE5-8019E4249A91}.Release|Any CPU.Build.0 = Release|Any CPU
		{0F3A1F1E-8A93-E0AB-074F-8B3A73E40696}.Debug|Any CPU.ActiveCfg = Debug|Any CPU
		{0F3A1F1E-8A93-E0AB-074F-8B3A73E40696}.Debug|Any CPU.Build.0 = Debug|Any CPU
		{0F3A1F1E-8A93-E0AB-074F-8B3A73E40696}.Release|Any CPU.ActiveCfg = Release|Any CPU
		{0F3A1F1E-8A93-E0AB-074F-8B3A73E40696}.Release|Any CPU.Build.0 = Release|Any CPU
		{A3E21050-E9DD-C0D6-88EE-E12F7C95DC87}.Debug|Any CPU.ActiveCfg = Debug|Any CPU
		{A3E21050-E9DD-C0D6-88EE-E12F7C95DC87}.Debug|Any CPU.Build.0 = Debug|Any CPU
		{A3E21050-E9DD-C0D6-88EE-E12F7C95DC87}.Release|Any CPU.ActiveCfg = Release|Any CPU
		{A3E21050-E9DD-C0D6-88EE-E12F7C95DC87}.Release|Any CPU.Build.0 = Release|Any CPU
		{8E687ED1-A496-DD0C-1401-206749CCD48A}.Debug|Any CPU.ActiveCfg = Debug|Any CPU
		{8E687ED1-A496-DD0C-1401-206749CCD48A}.Debug|Any CPU.Build.0 = Debug|Any CPU
		{8E687ED1-A496-DD0C-1401-206749CCD48A}.Release|Any CPU.ActiveCfg = Release|Any CPU
		{8E687ED1-A496-DD0C-1401-206749CCD48A}.Release|Any CPU.Build.0 = Release|Any CPU
	EndGlobalSection
	GlobalSection(SolutionProperties) = preSolution
		HideSolutionNode = FALSE
	EndGlobalSection
EndGlobal
